
Microsoft Visual Studio Solution File, Format Version 12.00
Project("{FAE04EC0-301F-11D3-BF4B-00C04F79EFBC}") = "Real-timeWeatherMonitoringAndReportingService", "Real-timeWeatherMonitoringAndReportingService\Real-timeWeatherMonitoringAndReportingService.csproj", "{AF279387-F990-45AC-9DE9-E776D9CCA09E}"
EndProject
Global
	GlobalSection(SolutionConfigurationPlatforms) = preSolution
		Debug|Any CPU = Debug|Any CPU
		Release|Any CPU = Release|Any CPU
	EndGlobalSection
	GlobalSection(ProjectConfigurationPlatforms) = postSolution
		{AF279387-F990-45AC-9DE9-E776D9CCA09E}.Debug|Any CPU.ActiveCfg = Debug|Any CPU
		{AF279387-F990-45AC-9DE9-E776D9CCA09E}.Debug|Any CPU.Build.0 = Debug|Any CPU
		{AF279387-F990-45AC-9DE9-E776D9CCA09E}.Release|Any CPU.ActiveCfg = Release|Any CPU
		{AF279387-F990-45AC-9DE9-E776D9CCA09E}.Release|Any CPU.Build.0 = Release|Any CPU
	EndGlobalSection
EndGlobal
